// !$*UTF8*$!
{
	archiveVersion = 1;
	classes = {
	};
	objectVersion = 50;
	objects = {

/* Begin PBXBuildFile section */
		8D4F6500237BA2D0003A13C3 /* AppDelegate.swift in Sources */ = {isa = PBXBuildFile; fileRef = 8D4F64FF237BA2D0003A13C3 /* AppDelegate.swift */; };
		8D4F6502237BA2D0003A13C3 /* SceneDelegate.swift in Sources */ = {isa = PBXBuildFile; fileRef = 8D4F6501237BA2D0003A13C3 /* SceneDelegate.swift */; };
		8D4F6504237BA2D0003A13C3 /* ContentView.swift in Sources */ = {isa = PBXBuildFile; fileRef = 8D4F6503237BA2D0003A13C3 /* ContentView.swift */; };
		8D4F6506237BA2D2003A13C3 /* Assets.xcassets in Resources */ = {isa = PBXBuildFile; fileRef = 8D4F6505237BA2D2003A13C3 /* Assets.xcassets */; };
		8D4F6509237BA2D2003A13C3 /* Preview Assets.xcassets in Resources */ = {isa = PBXBuildFile; fileRef = 8D4F6508237BA2D2003A13C3 /* Preview Assets.xcassets */; };
		8D4F650C237BA2D2003A13C3 /* LaunchScreen.storyboard in Resources */ = {isa = PBXBuildFile; fileRef = 8D4F650A237BA2D2003A13C3 /* LaunchScreen.storyboard */; };
		8D4F6514237BAAFB003A13C3 /* AudioRecorder.swift in Sources */ = {isa = PBXBuildFile; fileRef = 8D4F6513237BAAFB003A13C3 /* AudioRecorder.swift */; };
		8D4F6516237BB042003A13C3 /* Extensions.swift in Sources */ = {isa = PBXBuildFile; fileRef = 8D4F6515237BB042003A13C3 /* Extensions.swift */; };
		8D4F651A237BB92F003A13C3 /* RecordingDataModel.swift in Sources */ = {isa = PBXBuildFile; fileRef = 8D4F6519237BB92F003A13C3 /* RecordingDataModel.swift */; };
		8D4F651C237BBB53003A13C3 /* Helper.swift in Sources */ = {isa = PBXBuildFile; fileRef = 8D4F651B237BBB53003A13C3 /* Helper.swift */; };
		8D4F651E237BBF09003A13C3 /* RecordingsList.swift in Sources */ = {isa = PBXBuildFile; fileRef = 8D4F651D237BBF09003A13C3 /* RecordingsList.swift */; };
		8D4F6520237BC414003A13C3 /* AudioPlayer.swift in Sources */ = {isa = PBXBuildFile; fileRef = 8D4F651F237BC414003A13C3 /* AudioPlayer.swift */; };
		8DA713EB237F8DB300C3ACDE /* PlaybackView.swift in Sources */ = {isa = PBXBuildFile; fileRef = 8DA713EA237F8DB300C3ACDE /* PlaybackView.swift */; };
		8DA713ED237F8EBE00C3ACDE /* PitchView.swift in Sources */ = {isa = PBXBuildFile; fileRef = 8DA713EC237F8EBE00C3ACDE /* PitchView.swift */; };
		8DDFA857237DC5BC0033E603 /* EffectsPicker.swift in Sources */ = {isa = PBXBuildFile; fileRef = 8DDFA856237DC5BC0033E603 /* EffectsPicker.swift */; };
		8DE8D47D2381021200DDA32E /* ReverbView.swift in Sources */ = {isa = PBXBuildFile; fileRef = 8DE8D47C2381021200DDA32E /* ReverbView.swift */; };
		8DE8D47F23811ADC00DDA32E /* DelayView.swift in Sources */ = {isa = PBXBuildFile; fileRef = 8DE8D47E23811ADC00DDA32E /* DelayView.swift */; };
/* End PBXBuildFile section */

/* Begin PBXFileReference section */
		8D4F64FC237BA2D0003A13C3 /* iEffects.app */ = {isa = PBXFileReference; explicitFileType = wrapper.application; includeInIndex = 0; path = iEffects.app; sourceTree = BUILT_PRODUCTS_DIR; };
		8D4F64FF237BA2D0003A13C3 /* AppDelegate.swift */ = {isa = PBXFileReference; lastKnownFileType = sourcecode.swift; path = AppDelegate.swift; sourceTree = "<group>"; };
		8D4F6501237BA2D0003A13C3 /* SceneDelegate.swift */ = {isa = PBXFileReference; lastKnownFileType = sourcecode.swift; path = SceneDelegate.swift; sourceTree = "<group>"; };
		8D4F6503237BA2D0003A13C3 /* ContentView.swift */ = {isa = PBXFileReference; lastKnownFileType = sourcecode.swift; path = ContentView.swift; sourceTree = "<group>"; };
		8D4F6505237BA2D2003A13C3 /* Assets.xcassets */ = {isa = PBXFileReference; lastKnownFileType = folder.assetcatalog; path = Assets.xcassets; sourceTree = "<group>"; };
		8D4F6508237BA2D2003A13C3 /* Preview Assets.xcassets */ = {isa = PBXFileReference; lastKnownFileType = folder.assetcatalog; path = "Preview Assets.xcassets"; sourceTree = "<group>"; };
		8D4F650B237BA2D2003A13C3 /* Base */ = {isa = PBXFileReference; lastKnownFileType = file.storyboard; name = Base; path = Base.lproj/LaunchScreen.storyboard; sourceTree = "<group>"; };
		8D4F650D237BA2D2003A13C3 /* Info.plist */ = {isa = PBXFileReference; lastKnownFileType = text.plist.xml; path = Info.plist; sourceTree = "<group>"; };
		8D4F6513237BAAFB003A13C3 /* AudioRecorder.swift */ = {isa = PBXFileReference; lastKnownFileType = sourcecode.swift; path = AudioRecorder.swift; sourceTree = "<group>"; };
		8D4F6515237BB042003A13C3 /* Extensions.swift */ = {isa = PBXFileReference; lastKnownFileType = sourcecode.swift; path = Extensions.swift; sourceTree = "<group>"; };
		8D4F6519237BB92F003A13C3 /* RecordingDataModel.swift */ = {isa = PBXFileReference; lastKnownFileType = sourcecode.swift; path = RecordingDataModel.swift; sourceTree = "<group>"; };
		8D4F651B237BBB53003A13C3 /* Helper.swift */ = {isa = PBXFileReference; lastKnownFileType = sourcecode.swift; path = Helper.swift; sourceTree = "<group>"; };
		8D4F651D237BBF09003A13C3 /* RecordingsList.swift */ = {isa = PBXFileReference; lastKnownFileType = sourcecode.swift; path = RecordingsList.swift; sourceTree = "<group>"; };
		8D4F651F237BC414003A13C3 /* AudioPlayer.swift */ = {isa = PBXFileReference; lastKnownFileType = sourcecode.swift; path = AudioPlayer.swift; sourceTree = "<group>"; };
		8DA713EA237F8DB300C3ACDE /* PlaybackView.swift */ = {isa = PBXFileReference; lastKnownFileType = sourcecode.swift; path = PlaybackView.swift; sourceTree = "<group>"; };
		8DA713EC237F8EBE00C3ACDE /* PitchView.swift */ = {isa = PBXFileReference; lastKnownFileType = sourcecode.swift; path = PitchView.swift; sourceTree = "<group>"; };
		8DDFA856237DC5BC0033E603 /* EffectsPicker.swift */ = {isa = PBXFileReference; lastKnownFileType = sourcecode.swift; path = EffectsPicker.swift; sourceTree = "<group>"; };
		8DE8D47C2381021200DDA32E /* ReverbView.swift */ = {isa = PBXFileReference; lastKnownFileType = sourcecode.swift; path = ReverbView.swift; sourceTree = "<group>"; };
		8DE8D47E23811ADC00DDA32E /* DelayView.swift */ = {isa = PBXFileReference; lastKnownFileType = sourcecode.swift; path = DelayView.swift; sourceTree = "<group>"; };
/* End PBXFileReference section */

/* Begin PBXFrameworksBuildPhase section */
		8D4F64F9237BA2D0003A13C3 /* Frameworks */ = {
			isa = PBXFrameworksBuildPhase;
			buildActionMask = 2147483647;
			files = (
			);
			runOnlyForDeploymentPostprocessing = 0;
		};
/* End PBXFrameworksBuildPhase section */

/* Begin PBXGroup section */
		8D4F64F3237BA2D0003A13C3 = {
			isa = PBXGroup;
			children = (
				8D4F64FE237BA2D0003A13C3 /* iEffects */,
				8D4F64FD237BA2D0003A13C3 /* Products */,
			);
			sourceTree = "<group>";
		};
		8D4F64FD237BA2D0003A13C3 /* Products */ = {
			isa = PBXGroup;
			children = (
				8D4F64FC237BA2D0003A13C3 /* iEffects.app */,
			);
			name = Products;
			sourceTree = "<group>";
		};
		8D4F64FE237BA2D0003A13C3 /* iEffects */ = {
			isa = PBXGroup;
			children = (
				8D4F64FF237BA2D0003A13C3 /* AppDelegate.swift */,
				8D4F6501237BA2D0003A13C3 /* SceneDelegate.swift */,
				8D4F6503237BA2D0003A13C3 /* ContentView.swift */,
				8D4F651D237BBF09003A13C3 /* RecordingsList.swift */,
				8DDFA856237DC5BC0033E603 /* EffectsPicker.swift */,
				8DE8D47E23811ADC00DDA32E /* DelayView.swift */,
				8DA713EC237F8EBE00C3ACDE /* PitchView.swift */,
				8DE8D47C2381021200DDA32E /* ReverbView.swift */,
				8DA713EA237F8DB300C3ACDE /* PlaybackView.swift */,
				8D4F6513237BAAFB003A13C3 /* AudioRecorder.swift */,
				8D4F651F237BC414003A13C3 /* AudioPlayer.swift */,
				8D4F651B237BBB53003A13C3 /* Helper.swift */,
				8D4F6519237BB92F003A13C3 /* RecordingDataModel.swift */,
				8D4F6515237BB042003A13C3 /* Extensions.swift */,
				8D4F6505237BA2D2003A13C3 /* Assets.xcassets */,
				8D4F650A237BA2D2003A13C3 /* LaunchScreen.storyboard */,
				8D4F650D237BA2D2003A13C3 /* Info.plist */,
				8D4F6507237BA2D2003A13C3 /* Preview Content */,
			);
			path = iEffects;
			sourceTree = "<group>";
		};
		8D4F6507237BA2D2003A13C3 /* Preview Content */ = {
			isa = PBXGroup;
			children = (
				8D4F6508237BA2D2003A13C3 /* Preview Assets.xcassets */,
			);
			path = "Preview Content";
			sourceTree = "<group>";
		};
/* End PBXGroup section */

/* Begin PBXNativeTarget section */
		8D4F64FB237BA2D0003A13C3 /* iEffects */ = {
			isa = PBXNativeTarget;
			buildConfigurationList = 8D4F6510237BA2D2003A13C3 /* Build configuration list for PBXNativeTarget "iEffects" */;
			buildPhases = (
				8D4F64F8237BA2D0003A13C3 /* Sources */,
				8D4F64F9237BA2D0003A13C3 /* Frameworks */,
				8D4F64FA237BA2D0003A13C3 /* Resources */,
			);
			buildRules = (
			);
			dependencies = (
			);
			name = iEffects;
			productName = iEffects;
			productReference = 8D4F64FC237BA2D0003A13C3 /* iEffects.app */;
			productType = "com.apple.product-type.application";
		};
/* End PBXNativeTarget section */

/* Begin PBXProject section */
		8D4F64F4237BA2D0003A13C3 /* Project object */ = {
			isa = PBXProject;
			attributes = {
				LastSwiftUpdateCheck = 1110;
				LastUpgradeCheck = 1110;
				ORGANIZATIONNAME = "Jeffrey Luo";
				TargetAttributes = {
					8D4F64FB237BA2D0003A13C3 = {
						CreatedOnToolsVersion = 11.1;
					};
				};
			};
			buildConfigurationList = 8D4F64F7237BA2D0003A13C3 /* Build configuration list for PBXProject "iEffects" */;
			compatibilityVersion = "Xcode 9.3";
			developmentRegion = en;
			hasScannedForEncodings = 0;
			knownRegions = (
				en,
				Base,
			);
			mainGroup = 8D4F64F3237BA2D0003A13C3;
			productRefGroup = 8D4F64FD237BA2D0003A13C3 /* Products */;
			projectDirPath = "";
			projectRoot = "";
			targets = (
				8D4F64FB237BA2D0003A13C3 /* iEffects */,
			);
		};
/* End PBXProject section */

/* Begin PBXResourcesBuildPhase section */
		8D4F64FA237BA2D0003A13C3 /* Resources */ = {
			isa = PBXResourcesBuildPhase;
			buildActionMask = 2147483647;
			files = (
				8D4F650C237BA2D2003A13C3 /* LaunchScreen.storyboard in Resources */,
				8D4F6509237BA2D2003A13C3 /* Preview Assets.xcassets in Resources */,
				8D4F6506237BA2D2003A13C3 /* Assets.xcassets in Resources */,
			);
			runOnlyForDeploymentPostprocessing = 0;
		};
/* End PBXResourcesBuildPhase section */

/* Begin PBXSourcesBuildPhase section */
		8D4F64F8237BA2D0003A13C3 /* Sources */ = {
			isa = PBXSourcesBuildPhase;
			buildActionMask = 2147483647;
			files = (
				8DA713EB237F8DB300C3ACDE /* PlaybackView.swift in Sources */,
				8DDFA857237DC5BC0033E603 /* EffectsPicker.swift in Sources */,
				8D4F6516237BB042003A13C3 /* Extensions.swift in Sources */,
				8D4F651C237BBB53003A13C3 /* Helper.swift in Sources */,
				8D4F6520237BC414003A13C3 /* AudioPlayer.swift in Sources */,
				8DA713ED237F8EBE00C3ACDE /* PitchView.swift in Sources */,
				8D4F6500237BA2D0003A13C3 /* AppDelegate.swift in Sources */,
				8D4F651E237BBF09003A13C3 /* RecordingsList.swift in Sources */,
				8DE8D47F23811ADC00DDA32E /* DelayView.swift in Sources */,
				8D4F6502237BA2D0003A13C3 /* SceneDelegate.swift in Sources */,
				8DE8D47D2381021200DDA32E /* ReverbView.swift in Sources */,
				8D4F651A237BB92F003A13C3 /* RecordingDataModel.swift in Sources */,
				8D4F6514237BAAFB003A13C3 /* AudioRecorder.swift in Sources */,
				8D4F6504237BA2D0003A13C3 /* ContentView.swift in Sources */,
			);
			runOnlyForDeploymentPostprocessing = 0;
		};
/* End PBXSourcesBuildPhase section */

/* Begin PBXVariantGroup section */
		8D4F650A237BA2D2003A13C3 /* LaunchScreen.storyboard */ = {
			isa = PBXVariantGroup;
			children = (
				8D4F650B237BA2D2003A13C3 /* Base */,
			);
			name = LaunchScreen.storyboard;
			sourceTree = "<group>";
		};
/* End PBXVariantGroup section */

/* Begin XCBuildConfiguration section */
		8D4F650E237BA2D2003A13C3 /* Debug */ = {
			isa = XCBuildConfiguration;
			buildSettings = {
				ALWAYS_SEARCH_USER_PATHS = NO;
				CLANG_ANALYZER_NONNULL = YES;
				CLANG_ANALYZER_NUMBER_OBJECT_CONVERSION = YES_AGGRESSIVE;
				CLANG_CXX_LANGUAGE_STANDARD = "gnu++14";
				CLANG_CXX_LIBRARY = "libc++";
				CLANG_ENABLE_MODULES = YES;
				CLANG_ENABLE_OBJC_ARC = YES;
				CLANG_ENABLE_OBJC_WEAK = YES;
				CLANG_WARN_BLOCK_CAPTURE_AUTORELEASING = YES;
				CLANG_WARN_BOOL_CONVERSION = YES;
				CLANG_WARN_COMMA = YES;
				CLANG_WARN_CONSTANT_CONVERSION = YES;
				CLANG_WARN_DEPRECATED_OBJC_IMPLEMENTATIONS = YES;
				CLANG_WARN_DIRECT_OBJC_ISA_USAGE = YES_ERROR;
				CLANG_WARN_DOCUMENTATION_COMMENTS = YES;
				CLANG_WARN_EMPTY_BODY = YES;
				CLANG_WARN_ENUM_CONVERSION = YES;
				CLANG_WARN_INFINITE_RECURSION = YES;
				CLANG_WARN_INT_CONVERSION = YES;
				CLANG_WARN_NON_LITERAL_NULL_CONVERSION = YES;
				CLANG_WARN_OBJC_IMPLICIT_RETAIN_SELF = YES;
				CLANG_WARN_OBJC_LITERAL_CONVERSION = YES;
				CLANG_WARN_OBJC_ROOT_CLASS = YES_ERROR;
				CLANG_WARN_RANGE_LOOP_ANALYSIS = YES;
				CLANG_WARN_STRICT_PROTOTYPES = YES;
				CLANG_WARN_SUSPICIOUS_MOVE = YES;
				CLANG_WARN_UNGUARDED_AVAILABILITY = YES_AGGRESSIVE;
				CLANG_WARN_UNREACHABLE_CODE = YES;
				CLANG_WARN__DUPLICATE_METHOD_MATCH = YES;
				COPY_PHASE_STRIP = NO;
				DEBUG_INFORMATION_FORMAT = dwarf;
				ENABLE_STRICT_OBJC_MSGSEND = YES;
				ENABLE_TESTABILITY = YES;
				GCC_C_LANGUAGE_STANDARD = gnu11;
				GCC_DYNAMIC_NO_PIC = NO;
				GCC_NO_COMMON_BLOCKS = YES;
				GCC_OPTIMIZATION_LEVEL = 0;
				GCC_PREPROCESSOR_DEFINITIONS = (
					"DEBUG=1",
					"$(inherited)",
				);
				GCC_WARN_64_TO_32_BIT_CONVERSION = YES;
				GCC_WARN_ABOUT_RETURN_TYPE = YES_ERROR;
				GCC_WARN_UNDECLARED_SELECTOR = YES;
				GCC_WARN_UNINITIALIZED_AUTOS = YES_AGGRESSIVE;
				GCC_WARN_UNUSED_FUNCTION = YES;
				GCC_WARN_UNUSED_VARIABLE = YES;
				IPHONEOS_DEPLOYMENT_TARGET = 13.1;
				MTL_ENABLE_DEBUG_INFO = INCLUDE_SOURCE;
				MTL_FAST_MATH = YES;
				ONLY_ACTIVE_ARCH = YES;
				SDKROOT = iphoneos;
				SWIFT_ACTIVE_COMPILATION_CONDITIONS = DEBUG;
				SWIFT_OPTIMIZATION_LEVEL = "-Onone";
			};
			name = Debug;
		};
		8D4F650F237BA2D2003A13C3 /* Release */ = {
			isa = XCBuildConfiguration;
			buildSettings = {
				ALWAYS_SEARCH_USER_PATHS = NO;
				CLANG_ANALYZER_NONNULL = YES;
				CLANG_ANALYZER_NUMBER_OBJECT_CONVERSION = YES_AGGRESSIVE;
				CLANG_CXX_LANGUAGE_STANDARD = "gnu++14";
				CLANG_CXX_LIBRARY = "libc++";
				CLANG_ENABLE_MODULES = YES;
				CLANG_ENABLE_OBJC_ARC = YES;
				CLANG_ENABLE_OBJC_WEAK = YES;
				CLANG_WARN_BLOCK_CAPTURE_AUTORELEASING = YES;
				CLANG_WARN_BOOL_CONVERSION = YES;
				CLANG_WARN_COMMA = YES;
				CLANG_WARN_CONSTANT_CONVERSION = YES;
				CLANG_WARN_DEPRECATED_OBJC_IMPLEMENTATIONS = YES;
				CLANG_WARN_DIRECT_OBJC_ISA_USAGE = YES_ERROR;
				CLANG_WARN_DOCUMENTATION_COMMENTS = YES;
				CLANG_WARN_EMPTY_BODY = YES;
				CLANG_WARN_ENUM_CONVERSION = YES;
				CLANG_WARN_INFINITE_RECURSION = YES;
				CLANG_WARN_INT_CONVERSION = YES;
				CLANG_WARN_NON_LITERAL_NULL_CONVERSION = YES;
				CLANG_WARN_OBJC_IMPLICIT_RETAIN_SELF = YES;
				CLANG_WARN_OBJC_LITERAL_CONVERSION = YES;
				CLANG_WARN_OBJC_ROOT_CLASS = YES_ERROR;
				CLANG_WARN_RANGE_LOOP_ANALYSIS = YES;
				CLANG_WARN_STRICT_PROTOTYPES = YES;
				CLANG_WARN_SUSPICIOUS_MOVE = YES;
				CLANG_WARN_UNGUARDED_AVAILABILITY = YES_AGGRESSIVE;
				CLANG_WARN_UNREACHABLE_CODE = YES;
				CLANG_WARN__DUPLICATE_METHOD_MATCH = YES;
				COPY_PHASE_STRIP = NO;
				DEBUG_INFORMATION_FORMAT = "dwarf-with-dsym";
				ENABLE_NS_ASSERTIONS = NO;
				ENABLE_STRICT_OBJC_MSGSEND = YES;
				GCC_C_LANGUAGE_STANDARD = gnu11;
				GCC_NO_COMMON_BLOCKS = YES;
				GCC_WARN_64_TO_32_BIT_CONVERSION = YES;
				GCC_WARN_ABOUT_RETURN_TYPE = YES_ERROR;
				GCC_WARN_UNDECLARED_SELECTOR = YES;
				GCC_WARN_UNINITIALIZED_AUTOS = YES_AGGRESSIVE;
				GCC_WARN_UNUSED_FUNCTION = YES;
				GCC_WARN_UNUSED_VARIABLE = YES;
				IPHONEOS_DEPLOYMENT_TARGET = 13.1;
				MTL_ENABLE_DEBUG_INFO = NO;
				MTL_FAST_MATH = YES;
				SDKROOT = iphoneos;
				SWIFT_COMPILATION_MODE = wholemodule;
				SWIFT_OPTIMIZATION_LEVEL = "-O";
				VALIDATE_PRODUCT = YES;
			};
			name = Release;
		};
		8D4F6511237BA2D2003A13C3 /* Debug */ = {
			isa = XCBuildConfiguration;
			buildSettings = {
				ASSETCATALOG_COMPILER_APPICON_NAME = AppIcon;
				CODE_SIGN_STYLE = Automatic;
				DEVELOPMENT_ASSET_PATHS = "\"iEffects/Preview Content\"";
				DEVELOPMENT_TEAM = 6SJ5F4CX2L;
				ENABLE_PREVIEWS = YES;
				INFOPLIST_FILE = iEffects/Info.plist;
				LD_RUNPATH_SEARCH_PATHS = (
					"$(inherited)",
					"@executable_path/Frameworks",
				);
				PRODUCT_BUNDLE_IDENTIFIER = com.jeffreyluo.iEffects;
				PRODUCT_NAME = "$(TARGET_NAME)";
				SWIFT_VERSION = 5.0;
				TARGETED_DEVICE_FAMILY = "1,2";
			};
			name = Debug;
		};
		8D4F6512237BA2D2003A13C3 /* Release */ = {
			isa = XCBuildConfiguration;
			buildSettings = {
				ASSETCATALOG_COMPILER_APPICON_NAME = AppIcon;
				CODE_SIGN_STYLE = Automatic;
				DEVELOPMENT_ASSET_PATHS = "\"iEffects/Preview Content\"";
				DEVELOPMENT_TEAM = 6SJ5F4CX2L;
				ENABLE_PREVIEWS = YES;
				INFOPLIST_FILE = iEffects/Info.plist;
				LD_RUNPATH_SEARCH_PATHS = (
					"$(inherited)",
					"@executable_path/Frameworks",
				);
				PRODUCT_BUNDLE_IDENTIFIER = com.jeffreyluo.iEffects;
				PRODUCT_NAME = "$(TARGET_NAME)";
				SWIFT_VERSION = 5.0;
				TARGETED_DEVICE_FAMILY = "1,2";
			};
			name = Release;
		};
/* End XCBuildConfiguration section */

/* Begin XCConfigurationList section */
		8D4F64F7237BA2D0003A13C3 /* Build configuration list for PBXProject "iEffects" */ = {
			isa = XCConfigurationList;
			buildConfigurations = (
				8D4F650E237BA2D2003A13C3 /* Debug */,
				8D4F650F237BA2D2003A13C3 /* Release */,
			);
			defaultConfigurationIsVisible = 0;
			defaultConfigurationName = Release;
		};
		8D4F6510237BA2D2003A13C3 /* Build configuration list for PBXNativeTarget "iEffects" */ = {
			isa = XCConfigurationList;
			buildConfigurations = (
				8D4F6511237BA2D2003A13C3 /* Debug */,
				8D4F6512237BA2D2003A13C3 /* Release */,
			);
			defaultConfigurationIsVisible = 0;
			defaultConfigurationName = Release;
		};
/* End XCConfigurationList section */
	};
	rootObject = 8D4F64F4237BA2D0003A13C3 /* Project object */;
}
